
Microsoft Visual Studio Solution File, Format Version 12.00
# Visual Studio Version 16
VisualStudioVersion = 16.0.29215.179
MinimumVisualStudioVersion = 10.0.40219.1
Project("{FAE04EC0-301F-11D3-BF4B-00C04F79EFBC}") = "DoubleBox", "DoubleBox\DoubleBox.csproj", "{3080578E-0881-4BFA-88EE-B8648C8F93CA}"
EndProject
Global
	GlobalSection(SolutionConfigurationPlatforms) = preSolution
		Debug|Any CPU = Debug|Any CPU
		Release|Any CPU = Release|Any CPU
	EndGlobalSection
	GlobalSection(ProjectConfigurationPlatforms) = postSolution
		{3080578E-0881-4BFA-88EE-B8648C8F93CA}.Debug|Any CPU.ActiveCfg = Debug|Any CPU
		{3080578E-0881-4BFA-88EE-B8648C8F93CA}.Debug|Any CPU.Build.0 = Debug|Any CPU
		{3080578E-0881-4BFA-88EE-B8648C8F93CA}.Release|Any CPU.ActiveCfg = Release|Any CPU
		{3080578E-0881-4BFA-88EE-B8648C8F93CA}.Release|Any CPU.Build.0 = Release|Any CPU
	EndGlobalSection
	GlobalSection(SolutionProperties) = preSolution
		HideSolutionNode = FALSE
	EndGlobalSection
	GlobalSection(ExtensibilityGlobals) = postSolution
		SolutionGuid = {F7095754-E844-4BE2-B980-8263F5A81268}
	EndGlobalSection
EndGlobal
